
Microsoft Visual Studio Solution File, Format Version 12.00
# Visual Studio Version 16
VisualStudioVersion = 16.0.29721.120
MinimumVisualStudioVersion = 10.0.40219.1
Project("{FAE04EC0-301F-11D3-BF4B-00C04F79EFBC}") = "WebApplication_FxVanilla", "WebApplication_FxVanilla\WebApplication_FxVanilla.csproj", "{FF788D06-BC3C-4BB2-8027-D4FBD4FEA18A}"
EndProject
Global
	GlobalSection(SolutionConfigurationPlatforms) = preSolution
		Debug|Any CPU = Debug|Any CPU
		Release|Any CPU = Release|Any CPU
	EndGlobalSection
	GlobalSection(ProjectConfigurationPlatforms) = postSolution
		{FF788D06-BC3C-4BB2-8027-D4FBD4FEA18A}.Debug|Any CPU.ActiveCfg = Debug|Any CPU
		{FF788D06-BC3C-4BB2-8027-D4FBD4FEA18A}.Debug|Any CPU.Build.0 = Debug|Any CPU
		{FF788D06-BC3C-4BB2-8027-D4FBD4FEA18A}.Release|Any CPU.ActiveCfg = Release|Any CPU
		{FF788D06-BC3C-4BB2-8027-D4FBD4FEA18A}.Release|Any CPU.Build.0 = Release|Any CPU
	EndGlobalSection
	GlobalSection(SolutionProperties) = preSolution
		HideSolutionNode = FALSE
	EndGlobalSection
	GlobalSection(ExtensibilityGlobals) = postSolution
		SolutionGuid = {EB12F1A7-B714-4B9A-BC90-A7D98E3CE798}
	EndGlobalSection
EndGlobal
